
Microsoft Visual Studio Solution File, Format Version 12.00
# Visual Studio Version 17
VisualStudioVersion = 17.5.33516.290
MinimumVisualStudioVersion = 10.0.40219.1
Project("{FAE04EC0-301F-11D3-BF4B-00C04F79EFBC}") = "WebScrap", "WebScrap.csproj", "{1A440838-B423-46B1-9B7E-93ED610D31C8}"
EndProject
Global
	GlobalSection(SolutionConfigurationPlatforms) = preSolution
		Debug|Any CPU = Debug|Any CPU
		Release|Any CPU = Release|Any CPU
	EndGlobalSection
	GlobalSection(ProjectConfigurationPlatforms) = postSolution
		{1A440838-B423-46B1-9B7E-93ED610D31C8}.Debug|Any CPU.ActiveCfg = Debug|Any CPU
		{1A440838-B423-46B1-9B7E-93ED610D31C8}.Debug|Any CPU.Build.0 = Debug|Any CPU
		{1A440838-B423-46B1-9B7E-93ED610D31C8}.Release|Any CPU.ActiveCfg = Release|Any CPU
		{1A440838-B423-46B1-9B7E-93ED610D31C8}.Release|Any CPU.Build.0 = Release|Any CPU
	EndGlobalSection
	GlobalSection(SolutionProperties) = preSolution
		HideSolutionNode = FALSE
	EndGlobalSection
	GlobalSection(ExtensibilityGlobals) = postSolution
		SolutionGuid = {D8DEB540-50A7-472E-8D9C-13811E704F1C}
	EndGlobalSection
EndGlobal
